// !$*UTF8*$!
{
	archiveVersion = 1;
	classes = {
	};
	objectVersion = 55;
	objects = {

/* Begin PBXBuildFile section */
		17C8B2719BB642F9AB627A11 /* BKSaveViewModelTest.swift in Sources */ = {isa = PBXBuildFile; fileRef = 17C8B3D51940BEE07E42ABE4 /* BKSaveViewModelTest.swift */; };
		17C8B6A2F84ECC002290E6DE /* BKLocalFileService.swift in Sources */ = {isa = PBXBuildFile; fileRef = 17C8BA636344691CBB69F0AC /* BKLocalFileService.swift */; };
		17C8B75412053091A1820D4F /* UIExtensions.swift in Sources */ = {isa = PBXBuildFile; fileRef = 17C8B823B64C4ED52AD4D0FF /* UIExtensions.swift */; };
		17C8B8D6B18C451628EF8F7F /* Extensions.swift in Sources */ = {isa = PBXBuildFile; fileRef = 17C8B63AB9B98AC76A7BCE44 /* Extensions.swift */; };
		B51BBDA72871E302002702A0 /* Alamofire in Frameworks */ = {isa = PBXBuildFile; productRef = B51BBDA62871E302002702A0 /* Alamofire */; };
		B51BBDAA2871E312002702A0 /* SnapKit in Frameworks */ = {isa = PBXBuildFile; productRef = B51BBDA92871E312002702A0 /* SnapKit */; };
		B51BBDB82871E5B7002702A0 /* RxCocoa in Frameworks */ = {isa = PBXBuildFile; productRef = B51BBDB72871E5B7002702A0 /* RxCocoa */; };
		B51BBDBA2871E5B7002702A0 /* RxRelay in Frameworks */ = {isa = PBXBuildFile; productRef = B51BBDB92871E5B7002702A0 /* RxRelay */; };
		B51BBDBC2871E5B7002702A0 /* RxSwift in Frameworks */ = {isa = PBXBuildFile; productRef = B51BBDBB2871E5B7002702A0 /* RxSwift */; };
		B51BBDBE2872064A002702A0 /* BKRemoteFileService.swift in Sources */ = {isa = PBXBuildFile; fileRef = B51BBDBD2872064A002702A0 /* BKRemoteFileService.swift */; };
		B51BBDC428721499002702A0 /* translatordata.xcdatamodeld in Sources */ = {isa = PBXBuildFile; fileRef = B51BBDC228721499002702A0 /* translatordata.xcdatamodeld */; };
		B565B3C128703275007A6B0C /* BKEpisode.swift in Sources */ = {isa = PBXBuildFile; fileRef = B565B3C028703275007A6B0C /* BKEpisode.swift */; };
		B565B3C3287035E9007A6B0C /* BKDataService.swift in Sources */ = {isa = PBXBuildFile; fileRef = B565B3C2287035E9007A6B0C /* BKDataService.swift */; };
		B565B3C5287039BD007A6B0C /* RemoteImage.swift in Sources */ = {isa = PBXBuildFile; fileRef = B565B3C4287039BD007A6B0C /* RemoteImage.swift */; };
		B565B3CC2871D3B7007A6B0C /* BKDataServiceTest.swift in Sources */ = {isa = PBXBuildFile; fileRef = B565B3CB2871D3B7007A6B0C /* BKDataServiceTest.swift */; };
		B58FB910286BEFCC00894BAF /* TranslatorViewModelTest.swift in Sources */ = {isa = PBXBuildFile; fileRef = B58FB90F286BEFCC00894BAF /* TranslatorViewModelTest.swift */; };
		B58FB917286C04EC00894BAF /* BKMainTabBarController.swift in Sources */ = {isa = PBXBuildFile; fileRef = B58FB916286C04EC00894BAF /* BKMainTabBarController.swift */; };
		B58FB91A286C062300894BAF /* BKArchiveViewController.swift in Sources */ = {isa = PBXBuildFile; fileRef = B58FB919286C062300894BAF /* BKArchiveViewController.swift */; };
		B58FB91D286C0A4E00894BAF /* BKSaveViewController.swift in Sources */ = {isa = PBXBuildFile; fileRef = B58FB91C286C0A4E00894BAF /* BKSaveViewController.swift */; };
		B58FB91F286C25B800894BAF /* BKSaveViewModel.swift in Sources */ = {isa = PBXBuildFile; fileRef = B58FB91E286C25B800894BAF /* BKSaveViewModel.swift */; };
		B58FB921286C281700894BAF /* DevViewController.swift in Sources */ = {isa = PBXBuildFile; fileRef = B58FB920286C281700894BAF /* DevViewController.swift */; };
		B58FB924286C331F00894BAF /* TextFieldCell.swift in Sources */ = {isa = PBXBuildFile; fileRef = B58FB923286C331F00894BAF /* TextFieldCell.swift */; };
		B58FB929286C9B8900894BAF /* TTSResponse.swift in Sources */ = {isa = PBXBuildFile; fileRef = B58FB928286C9B8900894BAF /* TTSResponse.swift */; };
		B58FB92B286C9CA400894BAF /* VoiceName.swift in Sources */ = {isa = PBXBuildFile; fileRef = B58FB92A286C9CA400894BAF /* VoiceName.swift */; };
		B58FB92E286CB96B00894BAF /* BKPlayerViewController.swift in Sources */ = {isa = PBXBuildFile; fileRef = B58FB92D286CB96B00894BAF /* BKPlayerViewController.swift */; };
		B5E6CDA328729F7E00C4B84F /* SentenceCollectionViewCell.swift in Sources */ = {isa = PBXBuildFile; fileRef = B5E6CDA228729F7E00C4B84F /* SentenceCollectionViewCell.swift */; };
		B5E6CDA62873442D00C4B84F /* VerticalImageTextCell.swift in Sources */ = {isa = PBXBuildFile; fileRef = B5E6CDA52873442D00C4B84F /* VerticalImageTextCell.swift */; };
		B5E6CDA928734A2E00C4B84F /* BKSearchResultViewController.swift in Sources */ = {isa = PBXBuildFile; fileRef = B5E6CDA828734A2E00C4B84F /* BKSearchResultViewController.swift */; };
		B5E78AE328748D3500719DF6 /* BKArchiveViewModel.swift in Sources */ = {isa = PBXBuildFile; fileRef = B5E78AE228748D3500719DF6 /* BKArchiveViewModel.swift */; };
		B5E78AE528748D9700719DF6 /* BKArchiveViewModelTest.swift in Sources */ = {isa = PBXBuildFile; fileRef = B5E78AE428748D9700719DF6 /* BKArchiveViewModelTest.swift */; };
		B5FFBEBA2868A86600A26655 /* AppDelegate.swift in Sources */ = {isa = PBXBuildFile; fileRef = B5FFBEB92868A86600A26655 /* AppDelegate.swift */; };
		B5FFBEBC2868A86600A26655 /* SceneDelegate.swift in Sources */ = {isa = PBXBuildFile; fileRef = B5FFBEBB2868A86600A26655 /* SceneDelegate.swift */; };
		B5FFBEC32868A86800A26655 /* Assets.xcassets in Resources */ = {isa = PBXBuildFile; fileRef = B5FFBEC22868A86800A26655 /* Assets.xcassets */; };
		B5FFBEC62868A86800A26655 /* LaunchScreen.storyboard in Resources */ = {isa = PBXBuildFile; fileRef = B5FFBEC42868A86800A26655 /* LaunchScreen.storyboard */; };
		B5FFBED12868A86800A26655 /* TranslatorServiceTest.swift in Sources */ = {isa = PBXBuildFile; fileRef = B5FFBED02868A86800A26655 /* TranslatorServiceTest.swift */; };
		B5FFBEF32868AA5A00A26655 /* BKNetworkService.swift in Sources */ = {isa = PBXBuildFile; fileRef = B5FFBEF22868AA5A00A26655 /* BKNetworkService.swift */; };
		B5FFBEF82868B1D300A26655 /* TranslatorAPI.swift in Sources */ = {isa = PBXBuildFile; fileRef = B5FFBEF72868B1D300A26655 /* TranslatorAPI.swift */; };
		B5FFBEFB2868B23600A26655 /* GoogleResponse.swift in Sources */ = {isa = PBXBuildFile; fileRef = B5FFBEFA2868B23600A26655 /* GoogleResponse.swift */; };
		B5FFBEFD2868B80400A26655 /* KakaoResponse.swift in Sources */ = {isa = PBXBuildFile; fileRef = B5FFBEFC2868B80400A26655 /* KakaoResponse.swift */; };
		B5FFBEFF2868BDC400A26655 /* Translation.swift in Sources */ = {isa = PBXBuildFile; fileRef = B5FFBEFE2868BDC400A26655 /* Translation.swift */; };
		B5FFBF042869562600A26655 /* ApiKeys.swift in Sources */ = {isa = PBXBuildFile; fileRef = B5FFBF032869562600A26655 /* ApiKeys.swift */; };
		B5FFBF06286956B600A26655 /* PapagoResponse.swift in Sources */ = {isa = PBXBuildFile; fileRef = B5FFBF05286956B600A26655 /* PapagoResponse.swift */; };
		B5FFBF08286956F100A26655 /* Language.swift in Sources */ = {isa = PBXBuildFile; fileRef = B5FFBF07286956F100A26655 /* Language.swift */; };
		B5FFBF0B28695EBA00A26655 /* BKNewViewController.swift in Sources */ = {isa = PBXBuildFile; fileRef = B5FFBF0A28695EBA00A26655 /* BKNewViewController.swift */; };
		B5FFBF1028696DBA00A26655 /* BKNewViewModel.swift in Sources */ = {isa = PBXBuildFile; fileRef = B5FFBF0F28696DBA00A26655 /* BKNewViewModel.swift */; };
		B5FFBF122869729900A26655 /* BKFactory.swift in Sources */ = {isa = PBXBuildFile; fileRef = B5FFBF112869729900A26655 /* BKFactory.swift */; };
		B5FFBF142869991400A26655 /* HeaderTitleSubtitleCellViewModel.swift in Sources */ = {isa = PBXBuildFile; fileRef = B5FFBF132869991400A26655 /* HeaderTitleSubtitleCellViewModel.swift */; };
		B5FFBF172869993A00A26655 /* HeaderTitleSubtitleCell.swift in Sources */ = {isa = PBXBuildFile; fileRef = B5FFBF162869993A00A26655 /* HeaderTitleSubtitleCell.swift */; };
		B5FFBF1928699CEC00A26655 /* BKTranslatorService.swift in Sources */ = {isa = PBXBuildFile; fileRef = B5FFBF1828699CEC00A26655 /* BKTranslatorService.swift */; };
		B5FFBF1B2869B1FB00A26655 /* MetaTranslation.swift in Sources */ = {isa = PBXBuildFile; fileRef = B5FFBF1A2869B1FB00A26655 /* MetaTranslation.swift */; };
		B5FFBF1D2869B82700A26655 /* Engine.swift in Sources */ = {isa = PBXBuildFile; fileRef = B5FFBF1C2869B82700A26655 /* Engine.swift */; };
		B5FFBF212869F2A900A26655 /* ScriptTranslationEditorView.swift in Sources */ = {isa = PBXBuildFile; fileRef = B5FFBF202869F2A900A26655 /* ScriptTranslationEditorView.swift */; };
		B5FFBF242869F36200A26655 /* PrimaryButton.swift in Sources */ = {isa = PBXBuildFile; fileRef = B5FFBF232869F36200A26655 /* PrimaryButton.swift */; };
		B5FFBF262869F40200A26655 /* LightButton.swift in Sources */ = {isa = PBXBuildFile; fileRef = B5FFBF252869F40200A26655 /* LightButton.swift */; };
		B5FFBF28286A066200A26655 /* BKHapticService.swift in Sources */ = {isa = PBXBuildFile; fileRef = B5FFBF27286A066200A26655 /* BKHapticService.swift */; };
		B5FFBF2A286A078A00A26655 /* Sentence.swift in Sources */ = {isa = PBXBuildFile; fileRef = B5FFBF29286A078A00A26655 /* Sentence.swift */; };
/* End PBXBuildFile section */

/* Begin PBXContainerItemProxy section */
		B5FFBECD2868A86800A26655 /* PBXContainerItemProxy */ = {
			isa = PBXContainerItemProxy;
			containerPortal = B5FFBEAE2868A86600A26655 /* Project object */;
			proxyType = 1;
			remoteGlobalIDString = B5FFBEB52868A86600A26655;
			remoteInfo = RxTrial1;
		};
		B5FFBED72868A86800A26655 /* PBXContainerItemProxy */ = {
			isa = PBXContainerItemProxy;
			containerPortal = B5FFBEAE2868A86600A26655 /* Project object */;
			proxyType = 1;
			remoteGlobalIDString = B5FFBEB52868A86600A26655;
			remoteInfo = RxTrial1;
		};
/* End PBXContainerItemProxy section */

/* Begin PBXFileReference section */
		17C8B3D51940BEE07E42ABE4 /* BKSaveViewModelTest.swift */ = {isa = PBXFileReference; fileEncoding = 4; lastKnownFileType = sourcecode.swift; path = BKSaveViewModelTest.swift; sourceTree = "<group>"; };
		17C8B63AB9B98AC76A7BCE44 /* Extensions.swift */ = {isa = PBXFileReference; fileEncoding = 4; lastKnownFileType = sourcecode.swift; path = Extensions.swift; sourceTree = "<group>"; };
		17C8B823B64C4ED52AD4D0FF /* UIExtensions.swift */ = {isa = PBXFileReference; fileEncoding = 4; lastKnownFileType = sourcecode.swift; path = UIExtensions.swift; sourceTree = "<group>"; };
		17C8BA636344691CBB69F0AC /* BKLocalFileService.swift */ = {isa = PBXFileReference; fileEncoding = 4; lastKnownFileType = sourcecode.swift; path = BKLocalFileService.swift; sourceTree = "<group>"; };
		B51BBDBD2872064A002702A0 /* BKRemoteFileService.swift */ = {isa = PBXFileReference; lastKnownFileType = sourcecode.swift; path = BKRemoteFileService.swift; sourceTree = "<group>"; };
		B51BBDC328721499002702A0 /* translatordata.xcdatamodel */ = {isa = PBXFileReference; lastKnownFileType = wrapper.xcdatamodel; path = translatordata.xcdatamodel; sourceTree = "<group>"; };
		B565B3C028703275007A6B0C /* BKEpisode.swift */ = {isa = PBXFileReference; lastKnownFileType = sourcecode.swift; path = BKEpisode.swift; sourceTree = "<group>"; };
		B565B3C2287035E9007A6B0C /* BKDataService.swift */ = {isa = PBXFileReference; lastKnownFileType = sourcecode.swift; path = BKDataService.swift; sourceTree = "<group>"; };
		B565B3C4287039BD007A6B0C /* RemoteImage.swift */ = {isa = PBXFileReference; lastKnownFileType = sourcecode.swift; path = RemoteImage.swift; sourceTree = "<group>"; };
		B565B3CB2871D3B7007A6B0C /* BKDataServiceTest.swift */ = {isa = PBXFileReference; lastKnownFileType = sourcecode.swift; path = BKDataServiceTest.swift; sourceTree = "<group>"; };
		B58FB90F286BEFCC00894BAF /* TranslatorViewModelTest.swift */ = {isa = PBXFileReference; lastKnownFileType = sourcecode.swift; path = TranslatorViewModelTest.swift; sourceTree = "<group>"; };
		B58FB916286C04EC00894BAF /* BKMainTabBarController.swift */ = {isa = PBXFileReference; lastKnownFileType = sourcecode.swift; path = BKMainTabBarController.swift; sourceTree = "<group>"; };
		B58FB919286C062300894BAF /* BKArchiveViewController.swift */ = {isa = PBXFileReference; lastKnownFileType = sourcecode.swift; path = BKArchiveViewController.swift; sourceTree = "<group>"; };
		B58FB91C286C0A4E00894BAF /* BKSaveViewController.swift */ = {isa = PBXFileReference; lastKnownFileType = sourcecode.swift; path = BKSaveViewController.swift; sourceTree = "<group>"; };
		B58FB91E286C25B800894BAF /* BKSaveViewModel.swift */ = {isa = PBXFileReference; lastKnownFileType = sourcecode.swift; path = BKSaveViewModel.swift; sourceTree = "<group>"; };
		B58FB920286C281700894BAF /* DevViewController.swift */ = {isa = PBXFileReference; lastKnownFileType = sourcecode.swift; path = DevViewController.swift; sourceTree = "<group>"; };
		B58FB923286C331F00894BAF /* TextFieldCell.swift */ = {isa = PBXFileReference; lastKnownFileType = sourcecode.swift; path = TextFieldCell.swift; sourceTree = "<group>"; };
		B58FB928286C9B8900894BAF /* TTSResponse.swift */ = {isa = PBXFileReference; lastKnownFileType = sourcecode.swift; path = TTSResponse.swift; sourceTree = "<group>"; };
		B58FB92A286C9CA400894BAF /* VoiceName.swift */ = {isa = PBXFileReference; lastKnownFileType = sourcecode.swift; path = VoiceName.swift; sourceTree = "<group>"; };
		B58FB92D286CB96B00894BAF /* BKPlayerViewController.swift */ = {isa = PBXFileReference; lastKnownFileType = sourcecode.swift; path = BKPlayerViewController.swift; sourceTree = "<group>"; };
		B5E6CDA228729F7E00C4B84F /* SentenceCollectionViewCell.swift */ = {isa = PBXFileReference; lastKnownFileType = sourcecode.swift; path = SentenceCollectionViewCell.swift; sourceTree = "<group>"; };
		B5E6CDA52873442D00C4B84F /* VerticalImageTextCell.swift */ = {isa = PBXFileReference; lastKnownFileType = sourcecode.swift; path = VerticalImageTextCell.swift; sourceTree = "<group>"; };
		B5E6CDA828734A2E00C4B84F /* BKSearchResultViewController.swift */ = {isa = PBXFileReference; lastKnownFileType = sourcecode.swift; path = BKSearchResultViewController.swift; sourceTree = "<group>"; };
		B5E78AE228748D3500719DF6 /* BKArchiveViewModel.swift */ = {isa = PBXFileReference; lastKnownFileType = sourcecode.swift; path = BKArchiveViewModel.swift; sourceTree = "<group>"; };
		B5E78AE428748D9700719DF6 /* BKArchiveViewModelTest.swift */ = {isa = PBXFileReference; lastKnownFileType = sourcecode.swift; path = BKArchiveViewModelTest.swift; sourceTree = "<group>"; };
		B5FFBEB62868A86600A26655 /* RxTrial1.app */ = {isa = PBXFileReference; explicitFileType = wrapper.application; includeInIndex = 0; path = RxTrial1.app; sourceTree = BUILT_PRODUCTS_DIR; };
		B5FFBEB92868A86600A26655 /* AppDelegate.swift */ = {isa = PBXFileReference; lastKnownFileType = sourcecode.swift; path = AppDelegate.swift; sourceTree = "<group>"; };
		B5FFBEBB2868A86600A26655 /* SceneDelegate.swift */ = {isa = PBXFileReference; lastKnownFileType = sourcecode.swift; path = SceneDelegate.swift; sourceTree = "<group>"; };
		B5FFBEC22868A86800A26655 /* Assets.xcassets */ = {isa = PBXFileReference; lastKnownFileType = folder.assetcatalog; path = Assets.xcassets; sourceTree = "<group>"; };
		B5FFBEC52868A86800A26655 /* Base */ = {isa = PBXFileReference; lastKnownFileType = file.storyboard; name = Base; path = Base.lproj/LaunchScreen.storyboard; sourceTree = "<group>"; };
		B5FFBEC72868A86800A26655 /* Info.plist */ = {isa = PBXFileReference; lastKnownFileType = text.plist.xml; path = Info.plist; sourceTree = "<group>"; };
		B5FFBECC2868A86800A26655 /* RxTrial1Tests.xctest */ = {isa = PBXFileReference; explicitFileType = wrapper.cfbundle; includeInIndex = 0; path = RxTrial1Tests.xctest; sourceTree = BUILT_PRODUCTS_DIR; };
		B5FFBED02868A86800A26655 /* TranslatorServiceTest.swift */ = {isa = PBXFileReference; lastKnownFileType = sourcecode.swift; path = TranslatorServiceTest.swift; sourceTree = "<group>"; };
		B5FFBED62868A86800A26655 /* RxTrial1UITests.xctest */ = {isa = PBXFileReference; explicitFileType = wrapper.cfbundle; includeInIndex = 0; path = RxTrial1UITests.xctest; sourceTree = BUILT_PRODUCTS_DIR; };
		B5FFBEF22868AA5A00A26655 /* BKNetworkService.swift */ = {isa = PBXFileReference; lastKnownFileType = sourcecode.swift; path = BKNetworkService.swift; sourceTree = "<group>"; };
		B5FFBEF72868B1D300A26655 /* TranslatorAPI.swift */ = {isa = PBXFileReference; lastKnownFileType = sourcecode.swift; path = TranslatorAPI.swift; sourceTree = "<group>"; };
		B5FFBEFA2868B23600A26655 /* GoogleResponse.swift */ = {isa = PBXFileReference; lastKnownFileType = sourcecode.swift; path = GoogleResponse.swift; sourceTree = "<group>"; };
		B5FFBEFC2868B80400A26655 /* KakaoResponse.swift */ = {isa = PBXFileReference; lastKnownFileType = sourcecode.swift; path = KakaoResponse.swift; sourceTree = "<group>"; };
		B5FFBEFE2868BDC400A26655 /* Translation.swift */ = {isa = PBXFileReference; lastKnownFileType = sourcecode.swift; path = Translation.swift; sourceTree = "<group>"; };
		B5FFBF032869562600A26655 /* ApiKeys.swift */ = {isa = PBXFileReference; lastKnownFileType = sourcecode.swift; path = ApiKeys.swift; sourceTree = "<group>"; };
		B5FFBF05286956B600A26655 /* PapagoResponse.swift */ = {isa = PBXFileReference; lastKnownFileType = sourcecode.swift; path = PapagoResponse.swift; sourceTree = "<group>"; };
		B5FFBF07286956F100A26655 /* Language.swift */ = {isa = PBXFileReference; lastKnownFileType = sourcecode.swift; path = Language.swift; sourceTree = "<group>"; };
		B5FFBF0A28695EBA00A26655 /* BKNewViewController.swift */ = {isa = PBXFileReference; lastKnownFileType = sourcecode.swift; path = BKNewViewController.swift; sourceTree = "<group>"; };
		B5FFBF0F28696DBA00A26655 /* BKNewViewModel.swift */ = {isa = PBXFileReference; lastKnownFileType = sourcecode.swift; path = BKNewViewModel.swift; sourceTree = "<group>"; };
		B5FFBF112869729900A26655 /* BKFactory.swift */ = {isa = PBXFileReference; lastKnownFileType = sourcecode.swift; path = BKFactory.swift; sourceTree = "<group>"; };
		B5FFBF132869991400A26655 /* HeaderTitleSubtitleCellViewModel.swift */ = {isa = PBXFileReference; lastKnownFileType = sourcecode.swift; path = HeaderTitleSubtitleCellViewModel.swift; sourceTree = "<group>"; };
		B5FFBF162869993A00A26655 /* HeaderTitleSubtitleCell.swift */ = {isa = PBXFileReference; lastKnownFileType = sourcecode.swift; path = HeaderTitleSubtitleCell.swift; sourceTree = "<group>"; };
		B5FFBF1828699CEC00A26655 /* BKTranslatorService.swift */ = {isa = PBXFileReference; lastKnownFileType = sourcecode.swift; path = BKTranslatorService.swift; sourceTree = "<group>"; };
		B5FFBF1A2869B1FB00A26655 /* MetaTranslation.swift */ = {isa = PBXFileReference; lastKnownFileType = sourcecode.swift; path = MetaTranslation.swift; sourceTree = "<group>"; };
		B5FFBF1C2869B82700A26655 /* Engine.swift */ = {isa = PBXFileReference; lastKnownFileType = sourcecode.swift; path = Engine.swift; sourceTree = "<group>"; };
		B5FFBF202869F2A900A26655 /* ScriptTranslationEditorView.swift */ = {isa = PBXFileReference; lastKnownFileType = sourcecode.swift; path = ScriptTranslationEditorView.swift; sourceTree = "<group>"; };
		B5FFBF232869F36200A26655 /* PrimaryButton.swift */ = {isa = PBXFileReference; lastKnownFileType = sourcecode.swift; path = PrimaryButton.swift; sourceTree = "<group>"; };
		B5FFBF252869F40200A26655 /* LightButton.swift */ = {isa = PBXFileReference; lastKnownFileType = sourcecode.swift; path = LightButton.swift; sourceTree = "<group>"; };
		B5FFBF27286A066200A26655 /* BKHapticService.swift */ = {isa = PBXFileReference; lastKnownFileType = sourcecode.swift; path = BKHapticService.swift; sourceTree = "<group>"; };
		B5FFBF29286A078A00A26655 /* Sentence.swift */ = {isa = PBXFileReference; lastKnownFileType = sourcecode.swift; path = Sentence.swift; sourceTree = "<group>"; };
/* End PBXFileReference section */

/* Begin PBXFrameworksBuildPhase section */
		B5FFBEB32868A86600A26655 /* Frameworks */ = {
			isa = PBXFrameworksBuildPhase;
			buildActionMask = 2147483647;
			files = (
				B51BBDB82871E5B7002702A0 /* RxCocoa in Frameworks */,
				B51BBDAA2871E312002702A0 /* SnapKit in Frameworks */,
				B51BBDBC2871E5B7002702A0 /* RxSwift in Frameworks */,
				B51BBDBA2871E5B7002702A0 /* RxRelay in Frameworks */,
				B51BBDA72871E302002702A0 /* Alamofire in Frameworks */,
			);
			runOnlyForDeploymentPostprocessing = 0;
		};
		B5FFBEC92868A86800A26655 /* Frameworks */ = {
			isa = PBXFrameworksBuildPhase;
			buildActionMask = 2147483647;
			files = (
			);
			runOnlyForDeploymentPostprocessing = 0;
		};
		B5FFBED32868A86800A26655 /* Frameworks */ = {
			isa = PBXFrameworksBuildPhase;
			buildActionMask = 2147483647;
			files = (
			);
			runOnlyForDeploymentPostprocessing = 0;
		};
/* End PBXFrameworksBuildPhase section */

/* Begin PBXGroup section */
		17C8BE271BB113A58EEBC30E /* Extensions */ = {
			isa = PBXGroup;
			children = (
				17C8B63AB9B98AC76A7BCE44 /* Extensions.swift */,
				17C8B823B64C4ED52AD4D0FF /* UIExtensions.swift */,
			);
			path = Extensions;
			sourceTree = "<group>";
		};
		B58FB90D286BEA5F00894BAF /* HeaderTitleSubtitleCell */ = {
			isa = PBXGroup;
			children = (
				B5FFBF132869991400A26655 /* HeaderTitleSubtitleCellViewModel.swift */,
				B5FFBF162869993A00A26655 /* HeaderTitleSubtitleCell.swift */,
			);
			path = HeaderTitleSubtitleCell;
			sourceTree = "<group>";
		};
		B58FB90E286BEA6D00894BAF /* Buttons */ = {
			isa = PBXGroup;
			children = (
				B5FFBF232869F36200A26655 /* PrimaryButton.swift */,
				B5FFBF252869F40200A26655 /* LightButton.swift */,
			);
			path = Buttons;
			sourceTree = "<group>";
		};
		B58FB912286C033600894BAF /* Others */ = {
			isa = PBXGroup;
			children = (
				B5FFBEF92868B22F00A26655 /* Models */,
				B5FFBEF02868AA4B00A26655 /* Services */,
				B5FFBF222869F35300A26655 /* Components */,
				B5FFBF00286954DC00A26655 /* Common */,
				B58FB913286C034600894BAF /* StartUp */,
				B58FB914286C035B00894BAF /* Resources */,
				17C8BE271BB113A58EEBC30E /* Extensions */,
			);
			path = Others;
			sourceTree = "<group>";
		};
		B58FB913286C034600894BAF /* StartUp */ = {
			isa = PBXGroup;
			children = (
				B5FFBEB92868A86600A26655 /* AppDelegate.swift */,
				B5FFBEBB2868A86600A26655 /* SceneDelegate.swift */,
				B5FFBEC42868A86800A26655 /* LaunchScreen.storyboard */,
			);
			path = StartUp;
			sourceTree = "<group>";
		};
		B58FB914286C035B00894BAF /* Resources */ = {
			isa = PBXGroup;
			children = (
				B5FFBEC22868A86800A26655 /* Assets.xcassets */,
				B51BBDC228721499002702A0 /* translatordata.xcdatamodeld */,
			);
			path = Resources;
			sourceTree = "<group>";
		};
		B58FB915286C04C400894BAF /* Main */ = {
			isa = PBXGroup;
			children = (
				B58FB916286C04EC00894BAF /* BKMainTabBarController.swift */,
			);
			path = Main;
			sourceTree = "<group>";
		};
		B58FB918286C060A00894BAF /* Archive */ = {
			isa = PBXGroup;
			children = (
				B5E6CDA728734A1A00C4B84F /* Search */,
				B58FB919286C062300894BAF /* BKArchiveViewController.swift */,
				B5E78AE228748D3500719DF6 /* BKArchiveViewModel.swift */,
			);
			path = Archive;
			sourceTree = "<group>";
		};
		B58FB91B286C0A3F00894BAF /* Save */ = {
			isa = PBXGroup;
			children = (
				B58FB91C286C0A4E00894BAF /* BKSaveViewController.swift */,
				B58FB91E286C25B800894BAF /* BKSaveViewModel.swift */,
			);
			path = Save;
			sourceTree = "<group>";
		};
		B58FB922286C330B00894BAF /* TextFieldCell */ = {
			isa = PBXGroup;
			children = (
				B58FB923286C331F00894BAF /* TextFieldCell.swift */,
			);
			path = TextFieldCell;
			sourceTree = "<group>";
		};
		B58FB927286C9B6E00894BAF /* Responses */ = {
			isa = PBXGroup;
			children = (
				B5FFBEFA2868B23600A26655 /* GoogleResponse.swift */,
				B5FFBEFC2868B80400A26655 /* KakaoResponse.swift */,
				B5FFBF05286956B600A26655 /* PapagoResponse.swift */,
				B58FB928286C9B8900894BAF /* TTSResponse.swift */,
			);
			path = Responses;
			sourceTree = "<group>";
		};
		B58FB92C286CB95D00894BAF /* Player */ = {
			isa = PBXGroup;
			children = (
				B58FB92D286CB96B00894BAF /* BKPlayerViewController.swift */,
			);
			path = Player;
			sourceTree = "<group>";
		};
		B5E6CDA128729ED600C4B84F /* SentenceCell */ = {
			isa = PBXGroup;
			children = (
				B5E6CDA228729F7E00C4B84F /* SentenceCollectionViewCell.swift */,
			);
			path = SentenceCell;
			sourceTree = "<group>";
		};
		B5E6CDA4287343EA00C4B84F /* VerticalImageTextCell */ = {
			isa = PBXGroup;
			children = (
				B5E6CDA52873442D00C4B84F /* VerticalImageTextCell.swift */,
			);
			path = VerticalImageTextCell;
			sourceTree = "<group>";
		};
		B5E6CDA728734A1A00C4B84F /* Search */ = {
			isa = PBXGroup;
			children = (
				B5E6CDA828734A2E00C4B84F /* BKSearchResultViewController.swift */,
			);
			path = Search;
			sourceTree = "<group>";
		};
		B5FFBEAD2868A86600A26655 = {
			isa = PBXGroup;
			children = (
				B5FFBEB82868A86600A26655 /* RxTrial1 */,
				B5FFBECF2868A86800A26655 /* RxTrial1Tests */,
				B5FFBEB72868A86600A26655 /* Products */,
			);
			sourceTree = "<group>";
		};
		B5FFBEB72868A86600A26655 /* Products */ = {
			isa = PBXGroup;
			children = (
				B5FFBEB62868A86600A26655 /* RxTrial1.app */,
				B5FFBECC2868A86800A26655 /* RxTrial1Tests.xctest */,
				B5FFBED62868A86800A26655 /* RxTrial1UITests.xctest */,
			);
			name = Products;
			sourceTree = "<group>";
		};
		B5FFBEB82868A86600A26655 /* RxTrial1 */ = {
			isa = PBXGroup;
			children = (
				B58FB915286C04C400894BAF /* Main */,
				B5FFBF0928695EAB00A26655 /* New */,
				B58FB918286C060A00894BAF /* Archive */,
				B58FB92C286CB95D00894BAF /* Player */,
				B58FB912286C033600894BAF /* Others */,
				B5FFBEC72868A86800A26655 /* Info.plist */,
				B58FB920286C281700894BAF /* DevViewController.swift */,
			);
			path = RxTrial1;
			sourceTree = "<group>";
		};
		B5FFBECF2868A86800A26655 /* RxTrial1Tests */ = {
			isa = PBXGroup;
			children = (
				B5FFBED02868A86800A26655 /* TranslatorServiceTest.swift */,
				B58FB90F286BEFCC00894BAF /* TranslatorViewModelTest.swift */,
				17C8B3D51940BEE07E42ABE4 /* BKSaveViewModelTest.swift */,
				B565B3CB2871D3B7007A6B0C /* BKDataServiceTest.swift */,
				B5E78AE428748D9700719DF6 /* BKArchiveViewModelTest.swift */,
			);
			path = RxTrial1Tests;
			sourceTree = "<group>";
		};
		B5FFBEF02868AA4B00A26655 /* Services */ = {
			isa = PBXGroup;
			children = (
				B5FFBF112869729900A26655 /* BKFactory.swift */,
				B5FFBEF22868AA5A00A26655 /* BKNetworkService.swift */,
				B5FFBF1828699CEC00A26655 /* BKTranslatorService.swift */,
				B5FFBEF72868B1D300A26655 /* TranslatorAPI.swift */,
				B5FFBF27286A066200A26655 /* BKHapticService.swift */,
				17C8BA636344691CBB69F0AC /* BKLocalFileService.swift */,
				B565B3C2287035E9007A6B0C /* BKDataService.swift */,
				B51BBDBD2872064A002702A0 /* BKRemoteFileService.swift */,
			);
			path = Services;
			sourceTree = "<group>";
		};
		B5FFBEF92868B22F00A26655 /* Models */ = {
			isa = PBXGroup;
			children = (
				B58FB927286C9B6E00894BAF /* Responses */,
				B5FFBEFE2868BDC400A26655 /* Translation.swift */,
				B5FFBF1A2869B1FB00A26655 /* MetaTranslation.swift */,
				B5FFBF07286956F100A26655 /* Language.swift */,
				B5FFBF1C2869B82700A26655 /* Engine.swift */,
				B5FFBF29286A078A00A26655 /* Sentence.swift */,
				B58FB92A286C9CA400894BAF /* VoiceName.swift */,
				B565B3C028703275007A6B0C /* BKEpisode.swift */,
				B565B3C4287039BD007A6B0C /* RemoteImage.swift */,
			);
			path = Models;
			sourceTree = "<group>";
		};
		B5FFBF00286954DC00A26655 /* Common */ = {
			isa = PBXGroup;
			children = (
				B5FFBF032869562600A26655 /* ApiKeys.swift */,
			);
			path = Common;
			sourceTree = "<group>";
		};
		B5FFBF0928695EAB00A26655 /* New */ = {
			isa = PBXGroup;
			children = (
				B58FB91B286C0A3F00894BAF /* Save */,
				B5FFBF0A28695EBA00A26655 /* BKNewViewController.swift */,
				B5FFBF0F28696DBA00A26655 /* BKNewViewModel.swift */,
				B5FFBF202869F2A900A26655 /* ScriptTranslationEditorView.swift */,
			);
			path = New;
			sourceTree = "<group>";
		};
		B5FFBF222869F35300A26655 /* Components */ = {
			isa = PBXGroup;
			children = (
				B5E6CDA4287343EA00C4B84F /* VerticalImageTextCell */,
				B5E6CDA128729ED600C4B84F /* SentenceCell */,
				B58FB922286C330B00894BAF /* TextFieldCell */,
				B58FB90E286BEA6D00894BAF /* Buttons */,
				B58FB90D286BEA5F00894BAF /* HeaderTitleSubtitleCell */,
			);
			path = Components;
			sourceTree = "<group>";
		};
/* End PBXGroup section */

/* Begin PBXNativeTarget section */
		B5FFBEB52868A86600A26655 /* RxTrial1 */ = {
			isa = PBXNativeTarget;
			buildConfigurationList = B5FFBEE02868A86800A26655 /* Build configuration list for PBXNativeTarget "RxTrial1" */;
			buildPhases = (
				B5FFBEB22868A86600A26655 /* Sources */,
				B5FFBEB32868A86600A26655 /* Frameworks */,
				B5FFBEB42868A86600A26655 /* Resources */,
			);
			buildRules = (
			);
			dependencies = (
			);
			name = RxTrial1;
			packageProductDependencies = (
				B51BBDA62871E302002702A0 /* Alamofire */,
				B51BBDA92871E312002702A0 /* SnapKit */,
				B51BBDB72871E5B7002702A0 /* RxCocoa */,
				B51BBDB92871E5B7002702A0 /* RxRelay */,
				B51BBDBB2871E5B7002702A0 /* RxSwift */,
			);
			productName = RxTrial1;
			productReference = B5FFBEB62868A86600A26655 /* RxTrial1.app */;
			productType = "com.apple.product-type.application";
		};
		B5FFBECB2868A86800A26655 /* RxTrial1Tests */ = {
			isa = PBXNativeTarget;
			buildConfigurationList = B5FFBEE32868A86800A26655 /* Build configuration list for PBXNativeTarget "RxTrial1Tests" */;
			buildPhases = (
				B5FFBEC82868A86800A26655 /* Sources */,
				B5FFBEC92868A86800A26655 /* Frameworks */,
				B5FFBECA2868A86800A26655 /* Resources */,
			);
			buildRules = (
			);
			dependencies = (
				B5FFBECE2868A86800A26655 /* PBXTargetDependency */,
			);
			name = RxTrial1Tests;
			productName = RxTrial1Tests;
			productReference = B5FFBECC2868A86800A26655 /* RxTrial1Tests.xctest */;
			productType = "com.apple.product-type.bundle.unit-test";
		};
		B5FFBED52868A86800A26655 /* RxTrial1UITests */ = {
			isa = PBXNativeTarget;
			buildConfigurationList = B5FFBEE62868A86800A26655 /* Build configuration list for PBXNativeTarget "RxTrial1UITests" */;
			buildPhases = (
				B5FFBED22868A86800A26655 /* Sources */,
				B5FFBED32868A86800A26655 /* Frameworks */,
				B5FFBED42868A86800A26655 /* Resources */,
			);
			buildRules = (
			);
			dependencies = (
				B5FFBED82868A86800A26655 /* PBXTargetDependency */,
			);
			name = RxTrial1UITests;
			productName = RxTrial1UITests;
			productReference = B5FFBED62868A86800A26655 /* RxTrial1UITests.xctest */;
			productType = "com.apple.product-type.bundle.ui-testing";
		};
/* End PBXNativeTarget section */

/* Begin PBXProject section */
		B5FFBEAE2868A86600A26655 /* Project object */ = {
			isa = PBXProject;
			attributes = {
				BuildIndependentTargetsInParallel = 1;
				LastSwiftUpdateCheck = 1340;
				LastUpgradeCheck = 1340;
				TargetAttributes = {
					B5FFBEB52868A86600A26655 = {
						CreatedOnToolsVersion = 13.4.1;
					};
					B5FFBECB2868A86800A26655 = {
						CreatedOnToolsVersion = 13.4.1;
						TestTargetID = B5FFBEB52868A86600A26655;
					};
					B5FFBED52868A86800A26655 = {
						CreatedOnToolsVersion = 13.4.1;
						TestTargetID = B5FFBEB52868A86600A26655;
					};
				};
			};
			buildConfigurationList = B5FFBEB12868A86600A26655 /* Build configuration list for PBXProject "RxTrial1" */;
			compatibilityVersion = "Xcode 13.0";
			developmentRegion = en;
			hasScannedForEncodings = 0;
			knownRegions = (
				en,
				Base,
			);
			mainGroup = B5FFBEAD2868A86600A26655;
			packageReferences = (
				B51BBDA52871E302002702A0 /* XCRemoteSwiftPackageReference "Alamofire" */,
				B51BBDA82871E312002702A0 /* XCRemoteSwiftPackageReference "SnapKit" */,
				B51BBDB62871E5B7002702A0 /* XCRemoteSwiftPackageReference "RxSwift" */,
			);
			productRefGroup = B5FFBEB72868A86600A26655 /* Products */;
			projectDirPath = "";
			projectRoot = "";
			targets = (
				B5FFBEB52868A86600A26655 /* RxTrial1 */,
				B5FFBECB2868A86800A26655 /* RxTrial1Tests */,
				B5FFBED52868A86800A26655 /* RxTrial1UITests */,
			);
		};
/* End PBXProject section */

/* Begin PBXResourcesBuildPhase section */
		B5FFBEB42868A86600A26655 /* Resources */ = {
			isa = PBXResourcesBuildPhase;
			buildActionMask = 2147483647;
			files = (
				B5FFBEC62868A86800A26655 /* LaunchScreen.storyboard in Resources */,
				B5FFBEC32868A86800A26655 /* Assets.xcassets in Resources */,
			);
			runOnlyForDeploymentPostprocessing = 0;
		};
		B5FFBECA2868A86800A26655 /* Resources */ = {
			isa = PBXResourcesBuildPhase;
			buildActionMask = 2147483647;
			files = (
			);
			runOnlyForDeploymentPostprocessing = 0;
		};
		B5FFBED42868A86800A26655 /* Resources */ = {
			isa = PBXResourcesBuildPhase;
			buildActionMask = 2147483647;
			files = (
			);
			runOnlyForDeploymentPostprocessing = 0;
		};
/* End PBXResourcesBuildPhase section */

/* Begin PBXSourcesBuildPhase section */
		B5FFBEB22868A86600A26655 /* Sources */ = {
			isa = PBXSourcesBuildPhase;
			buildActionMask = 2147483647;
			files = (
				B5FFBF212869F2A900A26655 /* ScriptTranslationEditorView.swift in Sources */,
				B58FB92B286C9CA400894BAF /* VoiceName.swift in Sources */,
				B5FFBEFB2868B23600A26655 /* GoogleResponse.swift in Sources */,
				B58FB917286C04EC00894BAF /* BKMainTabBarController.swift in Sources */,
				B58FB91D286C0A4E00894BAF /* BKSaveViewController.swift in Sources */,
				B565B3C5287039BD007A6B0C /* RemoteImage.swift in Sources */,
				B5FFBF0B28695EBA00A26655 /* BKNewViewController.swift in Sources */,
				B5FFBF06286956B600A26655 /* PapagoResponse.swift in Sources */,
				B5FFBF1B2869B1FB00A26655 /* MetaTranslation.swift in Sources */,
				B51BBDC428721499002702A0 /* translatordata.xcdatamodeld in Sources */,
				B5FFBF262869F40200A26655 /* LightButton.swift in Sources */,
				B5FFBF042869562600A26655 /* ApiKeys.swift in Sources */,
				B565B3C3287035E9007A6B0C /* BKDataService.swift in Sources */,
				B58FB921286C281700894BAF /* DevViewController.swift in Sources */,
				B5FFBEBA2868A86600A26655 /* AppDelegate.swift in Sources */,
				B5FFBEFF2868BDC400A26655 /* Translation.swift in Sources */,
				B5E6CDA62873442D00C4B84F /* VerticalImageTextCell.swift in Sources */,
				B5FFBF28286A066200A26655 /* BKHapticService.swift in Sources */,
				B58FB91F286C25B800894BAF /* BKSaveViewModel.swift in Sources */,
				B51BBDBE2872064A002702A0 /* BKRemoteFileService.swift in Sources */,
				B5FFBEF32868AA5A00A26655 /* BKNetworkService.swift in Sources */,
				B5FFBEBC2868A86600A26655 /* SceneDelegate.swift in Sources */,
				B5FFBF142869991400A26655 /* HeaderTitleSubtitleCellViewModel.swift in Sources */,
				B5FFBF242869F36200A26655 /* PrimaryButton.swift in Sources */,
				B5FFBEF82868B1D300A26655 /* TranslatorAPI.swift in Sources */,
				B58FB92E286CB96B00894BAF /* BKPlayerViewController.swift in Sources */,
				B5FFBF172869993A00A26655 /* HeaderTitleSubtitleCell.swift in Sources */,
				B5FFBEFD2868B80400A26655 /* KakaoResponse.swift in Sources */,
				B5FFBF1D2869B82700A26655 /* Engine.swift in Sources */,
				B5E6CDA328729F7E00C4B84F /* SentenceCollectionViewCell.swift in Sources */,
				B58FB929286C9B8900894BAF /* TTSResponse.swift in Sources */,
				B58FB91A286C062300894BAF /* BKArchiveViewController.swift in Sources */,
				B5FFBF1928699CEC00A26655 /* BKTranslatorService.swift in Sources */,
				B5E6CDA928734A2E00C4B84F /* BKSearchResultViewController.swift in Sources */,
				B5FFBF08286956F100A26655 /* Language.swift in Sources */,
				B5FFBF2A286A078A00A26655 /* Sentence.swift in Sources */,
				B5FFBF1028696DBA00A26655 /* BKNewViewModel.swift in Sources */,
				B5FFBF122869729900A26655 /* BKFactory.swift in Sources */,
				B5E78AE328748D3500719DF6 /* BKArchiveViewModel.swift in Sources */,
				B58FB924286C331F00894BAF /* TextFieldCell.swift in Sources */,
				B565B3C128703275007A6B0C /* BKEpisode.swift in Sources */,
				17C8B6A2F84ECC002290E6DE /* BKLocalFileService.swift in Sources */,
				17C8B8D6B18C451628EF8F7F /* Extensions.swift in Sources */,
				17C8B75412053091A1820D4F /* UIExtensions.swift in Sources */,
			);
			runOnlyForDeploymentPostprocessing = 0;
		};
		B5FFBEC82868A86800A26655 /* Sources */ = {
			isa = PBXSourcesBuildPhase;
			buildActionMask = 2147483647;
			files = (
				B5E78AE528748D9700719DF6 /* BKArchiveViewModelTest.swift in Sources */,
				B58FB910286BEFCC00894BAF /* TranslatorViewModelTest.swift in Sources */,
				B5FFBED12868A86800A26655 /* TranslatorServiceTest.swift in Sources */,
				B565B3CC2871D3B7007A6B0C /* BKDataServiceTest.swift in Sources */,
				17C8B2719BB642F9AB627A11 /* BKSaveViewModelTest.swift in Sources */,
			);
			runOnlyForDeploymentPostprocessing = 0;
		};
		B5FFBED22868A86800A26655 /* Sources */ = {
			isa = PBXSourcesBuildPhase;
			buildActionMask = 2147483647;
			files = (
			);
			runOnlyForDeploymentPostprocessing = 0;
		};
/* End PBXSourcesBuildPhase section */

/* Begin PBXTargetDependency section */
		B5FFBECE2868A86800A26655 /* PBXTargetDependency */ = {
			isa = PBXTargetDependency;
			target = B5FFBEB52868A86600A26655 /* RxTrial1 */;
			targetProxy = B5FFBECD2868A86800A26655 /* PBXContainerItemProxy */;
		};
		B5FFBED82868A86800A26655 /* PBXTargetDependency */ = {
			isa = PBXTargetDependency;
			target = B5FFBEB52868A86600A26655 /* RxTrial1 */;
			targetProxy = B5FFBED72868A86800A26655 /* PBXContainerItemProxy */;
		};
/* End PBXTargetDependency section */

/* Begin PBXVariantGroup section */
		B5FFBEC42868A86800A26655 /* LaunchScreen.storyboard */ = {
			isa = PBXVariantGroup;
			children = (
				B5FFBEC52868A86800A26655 /* Base */,
			);
			name = LaunchScreen.storyboard;
			sourceTree = "<group>";
		};
/* End PBXVariantGroup section */

/* Begin XCBuildConfiguration section */
		B5FFBEDE2868A86800A26655 /* Debug */ = {
			isa = XCBuildConfiguration;
			buildSettings = {
				ALWAYS_SEARCH_USER_PATHS = NO;
				CLANG_ANALYZER_NONNULL = YES;
				CLANG_ANALYZER_NUMBER_OBJECT_CONVERSION = YES_AGGRESSIVE;
				CLANG_CXX_LANGUAGE_STANDARD = "gnu++17";
				CLANG_ENABLE_MODULES = YES;
				CLANG_ENABLE_OBJC_ARC = YES;
				CLANG_ENABLE_OBJC_WEAK = YES;
				CLANG_WARN_BLOCK_CAPTURE_AUTORELEASING = YES;
				CLANG_WARN_BOOL_CONVERSION = YES;
				CLANG_WARN_COMMA = YES;
				CLANG_WARN_CONSTANT_CONVERSION = YES;
				CLANG_WARN_DEPRECATED_OBJC_IMPLEMENTATIONS = YES;
				CLANG_WARN_DIRECT_OBJC_ISA_USAGE = YES_ERROR;
				CLANG_WARN_DOCUMENTATION_COMMENTS = YES;
				CLANG_WARN_EMPTY_BODY = YES;
				CLANG_WARN_ENUM_CONVERSION = YES;
				CLANG_WARN_INFINITE_RECURSION = YES;
				CLANG_WARN_INT_CONVERSION = YES;
				CLANG_WARN_NON_LITERAL_NULL_CONVERSION = YES;
				CLANG_WARN_OBJC_IMPLICIT_RETAIN_SELF = YES;
				CLANG_WARN_OBJC_LITERAL_CONVERSION = YES;
				CLANG_WARN_OBJC_ROOT_CLASS = YES_ERROR;
				CLANG_WARN_QUOTED_INCLUDE_IN_FRAMEWORK_HEADER = YES;
				CLANG_WARN_RANGE_LOOP_ANALYSIS = YES;
				CLANG_WARN_STRICT_PROTOTYPES = YES;
				CLANG_WARN_SUSPICIOUS_MOVE = YES;
				CLANG_WARN_UNGUARDED_AVAILABILITY = YES_AGGRESSIVE;
				CLANG_WARN_UNREACHABLE_CODE = YES;
				CLANG_WARN__DUPLICATE_METHOD_MATCH = YES;
				COPY_PHASE_STRIP = NO;
				DEBUG_INFORMATION_FORMAT = dwarf;
				ENABLE_STRICT_OBJC_MSGSEND = YES;
				ENABLE_TESTABILITY = YES;
				GCC_C_LANGUAGE_STANDARD = gnu11;
				GCC_DYNAMIC_NO_PIC = NO;
				GCC_NO_COMMON_BLOCKS = YES;
				GCC_OPTIMIZATION_LEVEL = 0;
				GCC_PREPROCESSOR_DEFINITIONS = (
					"DEBUG=1",
					"$(inherited)",
				);
				GCC_WARN_64_TO_32_BIT_CONVERSION = YES;
				GCC_WARN_ABOUT_RETURN_TYPE = YES_ERROR;
				GCC_WARN_UNDECLARED_SELECTOR = YES;
				GCC_WARN_UNINITIALIZED_AUTOS = YES_AGGRESSIVE;
				GCC_WARN_UNUSED_FUNCTION = YES;
				GCC_WARN_UNUSED_VARIABLE = YES;
				IPHONEOS_DEPLOYMENT_TARGET = 15.5;
				MTL_ENABLE_DEBUG_INFO = INCLUDE_SOURCE;
				MTL_FAST_MATH = YES;
				ONLY_ACTIVE_ARCH = YES;
				SDKROOT = iphoneos;
				SWIFT_ACTIVE_COMPILATION_CONDITIONS = DEBUG;
				SWIFT_OPTIMIZATION_LEVEL = "-Onone";
			};
			name = Debug;
		};
		B5FFBEDF2868A86800A26655 /* Release */ = {
			isa = XCBuildConfiguration;
			buildSettings = {
				ALWAYS_SEARCH_USER_PATHS = NO;
				CLANG_ANALYZER_NONNULL = YES;
				CLANG_ANALYZER_NUMBER_OBJECT_CONVERSION = YES_AGGRESSIVE;
				CLANG_CXX_LANGUAGE_STANDARD = "gnu++17";
				CLANG_ENABLE_MODULES = YES;
				CLANG_ENABLE_OBJC_ARC = YES;
				CLANG_ENABLE_OBJC_WEAK = YES;
				CLANG_WARN_BLOCK_CAPTURE_AUTORELEASING = YES;
				CLANG_WARN_BOOL_CONVERSION = YES;
				CLANG_WARN_COMMA = YES;
				CLANG_WARN_CONSTANT_CONVERSION = YES;
				CLANG_WARN_DEPRECATED_OBJC_IMPLEMENTATIONS = YES;
				CLANG_WARN_DIRECT_OBJC_ISA_USAGE = YES_ERROR;
				CLANG_WARN_DOCUMENTATION_COMMENTS = YES;
				CLANG_WARN_EMPTY_BODY = YES;
				CLANG_WARN_ENUM_CONVERSION = YES;
				CLANG_WARN_INFINITE_RECURSION = YES;
				CLANG_WARN_INT_CONVERSION = YES;
				CLANG_WARN_NON_LITERAL_NULL_CONVERSION = YES;
				CLANG_WARN_OBJC_IMPLICIT_RETAIN_SELF = YES;
				CLANG_WARN_OBJC_LITERAL_CONVERSION = YES;
				CLANG_WARN_OBJC_ROOT_CLASS = YES_ERROR;
				CLANG_WARN_QUOTED_INCLUDE_IN_FRAMEWORK_HEADER = YES;
				CLANG_WARN_RANGE_LOOP_ANALYSIS = YES;
				CLANG_WARN_STRICT_PROTOTYPES = YES;
				CLANG_WARN_SUSPICIOUS_MOVE = YES;
				CLANG_WARN_UNGUARDED_AVAILABILITY = YES_AGGRESSIVE;
				CLANG_WARN_UNREACHABLE_CODE = YES;
				CLANG_WARN__DUPLICATE_METHOD_MATCH = YES;
				COPY_PHASE_STRIP = NO;
				DEBUG_INFORMATION_FORMAT = "dwarf-with-dsym";
				ENABLE_NS_ASSERTIONS = NO;
				ENABLE_STRICT_OBJC_MSGSEND = YES;
				GCC_C_LANGUAGE_STANDARD = gnu11;
				GCC_NO_COMMON_BLOCKS = YES;
				GCC_WARN_64_TO_32_BIT_CONVERSION = YES;
				GCC_WARN_ABOUT_RETURN_TYPE = YES_ERROR;
				GCC_WARN_UNDECLARED_SELECTOR = YES;
				GCC_WARN_UNINITIALIZED_AUTOS = YES_AGGRESSIVE;
				GCC_WARN_UNUSED_FUNCTION = YES;
				GCC_WARN_UNUSED_VARIABLE = YES;
				IPHONEOS_DEPLOYMENT_TARGET = 15.5;
				MTL_ENABLE_DEBUG_INFO = NO;
				MTL_FAST_MATH = YES;
				SDKROOT = iphoneos;
				SWIFT_COMPILATION_MODE = wholemodule;
				SWIFT_OPTIMIZATION_LEVEL = "-O";
				VALIDATE_PRODUCT = YES;
			};
			name = Release;
		};
		B5FFBEE12868A86800A26655 /* Debug */ = {
			isa = XCBuildConfiguration;
			buildSettings = {
				ASSETCATALOG_COMPILER_APPICON_NAME = AppIcon;
				ASSETCATALOG_COMPILER_GLOBAL_ACCENT_COLOR_NAME = AccentColor;
				CODE_SIGN_STYLE = Automatic;
				CURRENT_PROJECT_VERSION = 1;
				DEVELOPMENT_TEAM = F8F8U34YY3;
				GENERATE_INFOPLIST_FILE = YES;
				INFOPLIST_FILE = RxTrial1/Info.plist;
				INFOPLIST_KEY_CFBundleDisplayName = Translator;
				INFOPLIST_KEY_UIApplicationSupportsIndirectInputEvents = YES;
				INFOPLIST_KEY_UILaunchStoryboardName = LaunchScreen;
				INFOPLIST_KEY_UISupportedInterfaceOrientations_iPad = "UIInterfaceOrientationPortrait UIInterfaceOrientationPortraitUpsideDown UIInterfaceOrientationLandscapeLeft UIInterfaceOrientationLandscapeRight";
				INFOPLIST_KEY_UISupportedInterfaceOrientations_iPhone = "UIInterfaceOrientationPortrait UIInterfaceOrientationLandscapeLeft UIInterfaceOrientationLandscapeRight";
				LD_RUNPATH_SEARCH_PATHS = (
					"$(inherited)",
					"@executable_path/Frameworks",
				);
				MARKETING_VERSION = 1.0;
				PRODUCT_BUNDLE_IDENTIFIER = com.mitiyoung.RxTrial1;
				PRODUCT_NAME = "$(TARGET_NAME)";
				SWIFT_EMIT_LOC_STRINGS = YES;
				SWIFT_VERSION = 5.0;
				TARGETED_DEVICE_FAMILY = "1,2";
			};
			name = Debug;
		};
		B5FFBEE22868A86800A26655 /* Release */ = {
			isa = XCBuildConfiguration;
			buildSettings = {
				ASSETCATALOG_COMPILER_APPICON_NAME = AppIcon;
				ASSETCATALOG_COMPILER_GLOBAL_ACCENT_COLOR_NAME = AccentColor;
				CODE_SIGN_STYLE = Automatic;
				CURRENT_PROJECT_VERSION = 1;
				DEVELOPMENT_TEAM = F8F8U34YY3;
				GENERATE_INFOPLIST_FILE = YES;
				INFOPLIST_FILE = RxTrial1/Info.plist;
				INFOPLIST_KEY_CFBundleDisplayName = Translator;
				INFOPLIST_KEY_UIApplicationSupportsIndirectInputEvents = YES;
				INFOPLIST_KEY_UILaunchStoryboardName = LaunchScreen;
				INFOPLIST_KEY_UISupportedInterfaceOrientations_iPad = "UIInterfaceOrientationPortrait UIInterfaceOrientationPortraitUpsideDown UIInterfaceOrientationLandscapeLeft UIInterfaceOrientationLandscapeRight";
				INFOPLIST_KEY_UISupportedInterfaceOrientations_iPhone = "UIInterfaceOrientationPortrait UIInterfaceOrientationLandscapeLeft UIInterfaceOrientationLandscapeRight";
				LD_RUNPATH_SEARCH_PATHS = (
					"$(inherited)",
					"@executable_path/Frameworks",
				);
				MARKETING_VERSION = 1.0;
				PRODUCT_BUNDLE_IDENTIFIER = com.mitiyoung.RxTrial1;
				PRODUCT_NAME = "$(TARGET_NAME)";
				SWIFT_EMIT_LOC_STRINGS = YES;
				SWIFT_VERSION = 5.0;
				TARGETED_DEVICE_FAMILY = "1,2";
			};
			name = Release;
		};
		B5FFBEE42868A86800A26655 /* Debug */ = {
			isa = XCBuildConfiguration;
			buildSettings = {
				ALWAYS_EMBED_SWIFT_STANDARD_LIBRARIES = YES;
				BUNDLE_LOADER = "$(TEST_HOST)";
				CODE_SIGN_STYLE = Automatic;
				CURRENT_PROJECT_VERSION = 1;
				DEVELOPMENT_TEAM = F8F8U34YY3;
				GENERATE_INFOPLIST_FILE = YES;
				IPHONEOS_DEPLOYMENT_TARGET = 15.5;
				MARKETING_VERSION = 1.0;
				PRODUCT_BUNDLE_IDENTIFIER = com.mitiyoung.RxTrial1Tests;
				PRODUCT_NAME = "$(TARGET_NAME)";
				SWIFT_EMIT_LOC_STRINGS = NO;
				SWIFT_VERSION = 5.0;
				TARGETED_DEVICE_FAMILY = "1,2";
				TEST_HOST = "$(BUILT_PRODUCTS_DIR)/RxTrial1.app/RxTrial1";
			};
			name = Debug;
		};
		B5FFBEE52868A86800A26655 /* Release */ = {
			isa = XCBuildConfiguration;
			buildSettings = {
				ALWAYS_EMBED_SWIFT_STANDARD_LIBRARIES = YES;
				BUNDLE_LOADER = "$(TEST_HOST)";
				CODE_SIGN_STYLE = Automatic;
				CURRENT_PROJECT_VERSION = 1;
				DEVELOPMENT_TEAM = F8F8U34YY3;
				GENERATE_INFOPLIST_FILE = YES;
				IPHONEOS_DEPLOYMENT_TARGET = 15.5;
				MARKETING_VERSION = 1.0;
				PRODUCT_BUNDLE_IDENTIFIER = com.mitiyoung.RxTrial1Tests;
				PRODUCT_NAME = "$(TARGET_NAME)";
				SWIFT_EMIT_LOC_STRINGS = NO;
				SWIFT_VERSION = 5.0;
				TARGETED_DEVICE_FAMILY = "1,2";
				TEST_HOST = "$(BUILT_PRODUCTS_DIR)/RxTrial1.app/RxTrial1";
			};
			name = Release;
		};
		B5FFBEE72868A86800A26655 /* Debug */ = {
			isa = XCBuildConfiguration;
			buildSettings = {
				ALWAYS_EMBED_SWIFT_STANDARD_LIBRARIES = YES;
				CODE_SIGN_STYLE = Automatic;
				CURRENT_PROJECT_VERSION = 1;
				DEVELOPMENT_TEAM = F8F8U34YY3;
				GENERATE_INFOPLIST_FILE = YES;
				MARKETING_VERSION = 1.0;
				PRODUCT_BUNDLE_IDENTIFIER = com.mitiyoung.RxTrial1UITests;
				PRODUCT_NAME = "$(TARGET_NAME)";
				SWIFT_EMIT_LOC_STRINGS = NO;
				SWIFT_VERSION = 5.0;
				TARGETED_DEVICE_FAMILY = "1,2";
				TEST_TARGET_NAME = RxTrial1;
			};
			name = Debug;
		};
		B5FFBEE82868A86800A26655 /* Release */ = {
			isa = XCBuildConfiguration;
			buildSettings = {
				ALWAYS_EMBED_SWIFT_STANDARD_LIBRARIES = YES;
				CODE_SIGN_STYLE = Automatic;
				CURRENT_PROJECT_VERSION = 1;
				DEVELOPMENT_TEAM = F8F8U34YY3;
				GENERATE_INFOPLIST_FILE = YES;
				MARKETING_VERSION = 1.0;
				PRODUCT_BUNDLE_IDENTIFIER = com.mitiyoung.RxTrial1UITests;
				PRODUCT_NAME = "$(TARGET_NAME)";
				SWIFT_EMIT_LOC_STRINGS = NO;
				SWIFT_VERSION = 5.0;
				TARGETED_DEVICE_FAMILY = "1,2";
				TEST_TARGET_NAME = RxTrial1;
			};
			name = Release;
		};
/* End XCBuildConfiguration section */

/* Begin XCConfigurationList section */
		B5FFBEB12868A86600A26655 /* Build configuration list for PBXProject "RxTrial1" */ = {
			isa = XCConfigurationList;
			buildConfigurations = (
				B5FFBEDE2868A86800A26655 /* Debug */,
				B5FFBEDF2868A86800A26655 /* Release */,
			);
			defaultConfigurationIsVisible = 0;
			defaultConfigurationName = Release;
		};
		B5FFBEE02868A86800A26655 /* Build configuration list for PBXNativeTarget "RxTrial1" */ = {
			isa = XCConfigurationList;
			buildConfigurations = (
				B5FFBEE12868A86800A26655 /* Debug */,
				B5FFBEE22868A86800A26655 /* Release */,
			);
			defaultConfigurationIsVisible = 0;
			defaultConfigurationName = Release;
		};
		B5FFBEE32868A86800A26655 /* Build configuration list for PBXNativeTarget "RxTrial1Tests" */ = {
			isa = XCConfigurationList;
			buildConfigurations = (
				B5FFBEE42868A86800A26655 /* Debug */,
				B5FFBEE52868A86800A26655 /* Release */,
			);
			defaultConfigurationIsVisible = 0;
			defaultConfigurationName = Release;
		};
		B5FFBEE62868A86800A26655 /* Build configuration list for PBXNativeTarget "RxTrial1UITests" */ = {
			isa = XCConfigurationList;
			buildConfigurations = (
				B5FFBEE72868A86800A26655 /* Debug */,
				B5FFBEE82868A86800A26655 /* Release */,
			);
			defaultConfigurationIsVisible = 0;
			defaultConfigurationName = Release;
		};
/* End XCConfigurationList section */

/* Begin XCRemoteSwiftPackageReference section */
		B51BBDA52871E302002702A0 /* XCRemoteSwiftPackageReference "Alamofire" */ = {
			isa = XCRemoteSwiftPackageReference;
			repositoryURL = "https://github.com/Alamofire/Alamofire.git";
			requirement = {
				branch = master;
				kind = branch;
			};
		};
		B51BBDA82871E312002702A0 /* XCRemoteSwiftPackageReference "SnapKit" */ = {
			isa = XCRemoteSwiftPackageReference;
			repositoryURL = "https://github.com/SnapKit/SnapKit.git";
			requirement = {
				branch = develop;
				kind = branch;
			};
		};
		B51BBDB62871E5B7002702A0 /* XCRemoteSwiftPackageReference "RxSwift" */ = {
			isa = XCRemoteSwiftPackageReference;
			repositoryURL = "https://github.com/ReactiveX/RxSwift.git";
			requirement = {
				branch = main;
				kind = branch;
			};
		};
/* End XCRemoteSwiftPackageReference section */

/* Begin XCSwiftPackageProductDependency section */
		B51BBDA62871E302002702A0 /* Alamofire */ = {
			isa = XCSwiftPackageProductDependency;
			package = B51BBDA52871E302002702A0 /* XCRemoteSwiftPackageReference "Alamofire" */;
			productName = Alamofire;
		};
		B51BBDA92871E312002702A0 /* SnapKit */ = {
			isa = XCSwiftPackageProductDependency;
			package = B51BBDA82871E312002702A0 /* XCRemoteSwiftPackageReference "SnapKit" */;
			productName = SnapKit;
		};
		B51BBDB72871E5B7002702A0 /* RxCocoa */ = {
			isa = XCSwiftPackageProductDependency;
			package = B51BBDB62871E5B7002702A0 /* XCRemoteSwiftPackageReference "RxSwift" */;
			productName = RxCocoa;
		};
		B51BBDB92871E5B7002702A0 /* RxRelay */ = {
			isa = XCSwiftPackageProductDependency;
			package = B51BBDB62871E5B7002702A0 /* XCRemoteSwiftPackageReference "RxSwift" */;
			productName = RxRelay;
		};
		B51BBDBB2871E5B7002702A0 /* RxSwift */ = {
			isa = XCSwiftPackageProductDependency;
			package = B51BBDB62871E5B7002702A0 /* XCRemoteSwiftPackageReference "RxSwift" */;
			productName = RxSwift;
		};
/* End XCSwiftPackageProductDependency section */

/* Begin XCVersionGroup section */
		B51BBDC228721499002702A0 /* translatordata.xcdatamodeld */ = {
			isa = XCVersionGroup;
			children = (
				B51BBDC328721499002702A0 /* translatordata.xcdatamodel */,
			);
			currentVersion = B51BBDC328721499002702A0 /* translatordata.xcdatamodel */;
			path = translatordata.xcdatamodeld;
			sourceTree = "<group>";
			versionGroupType = wrapper.xcdatamodel;
		};
/* End XCVersionGroup section */
	};
	rootObject = B5FFBEAE2868A86600A26655 /* Project object */;
}
